
Microsoft Visual Studio Solution File, Format Version 12.00
# Visual Studio Version 17
VisualStudioVersion = 17.8.34525.116
MinimumVisualStudioVersion = 10.0.40219.1
Project("{FAE04EC0-301F-11D3-BF4B-00C04F79EFBC}") = "Proje_Hastane", "Proje_Hastane\Proje_Hastane.csproj", "{C69997DC-BD7F-45C5-B453-9D8AE04E8F85}"
EndProject
Global
	GlobalSection(SolutionConfigurationPlatforms) = preSolution
		Debug|Any CPU = Debug|Any CPU
		Release|Any CPU = Release|Any CPU
	EndGlobalSection
	GlobalSection(ProjectConfigurationPlatforms) = postSolution
		{C69997DC-BD7F-45C5-B453-9D8AE04E8F85}.Debug|Any CPU.ActiveCfg = Debug|Any CPU
		{C69997DC-BD7F-45C5-B453-9D8AE04E8F85}.Debug|Any CPU.Build.0 = Debug|Any CPU
		{C69997DC-BD7F-45C5-B453-9D8AE04E8F85}.Release|Any CPU.ActiveCfg = Release|Any CPU
		{C69997DC-BD7F-45C5-B453-9D8AE04E8F85}.Release|Any CPU.Build.0 = Release|Any CPU
	EndGlobalSection
	GlobalSection(SolutionProperties) = preSolution
		HideSolutionNode = FALSE
	EndGlobalSection
	GlobalSection(ExtensibilityGlobals) = postSolution
		SolutionGuid = {2A9425D1-9392-4302-B178-80FF8A331381}
	EndGlobalSection
EndGlobal
